// !$*UTF8*$!
{
	archiveVersion = 1;
	classes = {
	};
	objectVersion = 77;
	objects = {

/* Begin PBXContainerItemProxy section */
		FAC02D152E12859F00CBA198 /* PBXContainerItemProxy */ = {
			isa = PBXContainerItemProxy;
			containerPortal = FAC02CFC2E12859D00CBA198 /* Project object */;
			proxyType = 1;
			remoteGlobalIDString = FAC02D032E12859D00CBA198;
			remoteInfo = CalculatorSwiftUIApp;
		};
		FAC02D1F2E12859F00CBA198 /* PBXContainerItemProxy */ = {
			isa = PBXContainerItemProxy;
			containerPortal = FAC02CFC2E12859D00CBA198 /* Project object */;
			proxyType = 1;
			remoteGlobalIDString = FAC02D032E12859D00CBA198;
			remoteInfo = CalculatorSwiftUIApp;
		};
/* End PBXContainerItemProxy section */

/* Begin PBXFileReference section */
		FAC02D042E12859D00CBA198 /* CalculatorSwiftUIApp.app */ = {isa = PBXFileReference; explicitFileType = wrapper.application; includeInIndex = 0; path = CalculatorSwiftUIApp.app; sourceTree = BUILT_PRODUCTS_DIR; };
		FAC02D142E12859F00CBA198 /* CalculatorSwiftUIAppTests.xctest */ = {isa = PBXFileReference; explicitFileType = wrapper.cfbundle; includeInIndex = 0; path = CalculatorSwiftUIAppTests.xctest; sourceTree = BUILT_PRODUCTS_DIR; };
		FAC02D1E2E12859F00CBA198 /* CalculatorSwiftUIAppUITests.xctest */ = {isa = PBXFileReference; explicitFileType = wrapper.cfbundle; includeInIndex = 0; path = CalculatorSwiftUIAppUITests.xctest; sourceTree = BUILT_PRODUCTS_DIR; };
/* End PBXFileReference section */

/* Begin PBXFileSystemSynchronizedRootGroup section */
		FAC02D062E12859D00CBA198 /* CalculatorSwiftUIApp */ = {
			isa = PBXFileSystemSynchronizedRootGroup;
			path = CalculatorSwiftUIApp;
			sourceTree = "<group>";
		};
		FAC02D172E12859F00CBA198 /* CalculatorSwiftUIAppTests */ = {
			isa = PBXFileSystemSynchronizedRootGroup;
			path = CalculatorSwiftUIAppTests;
			sourceTree = "<group>";
		};
		FAC02D212E12859F00CBA198 /* CalculatorSwiftUIAppUITests */ = {
			isa = PBXFileSystemSynchronizedRootGroup;
			path = CalculatorSwiftUIAppUITests;
			sourceTree = "<group>";
		};
/* End PBXFileSystemSynchronizedRootGroup section */

/* Begin PBXFrameworksBuildPhase section */
		FAC02D012E12859D00CBA198 /* Frameworks */ = {
			isa = PBXFrameworksBuildPhase;
			buildActionMask = 2147483647;
			files = (
			);
			runOnlyForDeploymentPostprocessing = 0;
		};
		FAC02D112E12859F00CBA198 /* Frameworks */ = {
			isa = PBXFrameworksBuildPhase;
			buildActionMask = 2147483647;
			files = (
			);
			runOnlyForDeploymentPostprocessing = 0;
		};
		FAC02D1B2E12859F00CBA198 /* Frameworks */ = {
			isa = PBXFrameworksBuildPhase;
			buildActionMask = 2147483647;
			files = (
			);
			runOnlyForDeploymentPostprocessing = 0;
		};
/* End PBXFrameworksBuildPhase section */

/* Begin PBXGroup section */
		FAC02CFB2E12859D00CBA198 = {
			isa = PBXGroup;
			children = (
				FAC02D062E12859D00CBA198 /* CalculatorSwiftUIApp */,
				FAC02D172E12859F00CBA198 /* CalculatorSwiftUIAppTests */,
				FAC02D212E12859F00CBA198 /* CalculatorSwiftUIAppUITests */,
				FAC02D052E12859D00CBA198 /* Products */,
			);
			sourceTree = "<group>";
		};
		FAC02D052E12859D00CBA198 /* Products */ = {
			isa = PBXGroup;
			children = (
				FAC02D042E12859D00CBA198 /* CalculatorSwiftUIApp.app */,
				FAC02D142E12859F00CBA198 /* CalculatorSwiftUIAppTests.xctest */,
				FAC02D1E2E12859F00CBA198 /* CalculatorSwiftUIAppUITests.xctest */,
			);
			name = Products;
			sourceTree = "<group>";
		};
/* End PBXGroup section */

/* Begin PBXNativeTarget section */
		FAC02D032E12859D00CBA198 /* CalculatorSwiftUIApp */ = {
			isa = PBXNativeTarget;
			buildConfigurationList = FAC02D282E12859F00CBA198 /* Build configuration list for PBXNativeTarget "CalculatorSwiftUIApp" */;
			buildPhases = (
				FAC02D002E12859D00CBA198 /* Sources */,
				FAC02D012E12859D00CBA198 /* Frameworks */,
				FAC02D022E12859D00CBA198 /* Resources */,
			);
			buildRules = (
			);
			dependencies = (
			);
			fileSystemSynchronizedGroups = (
				FAC02D062E12859D00CBA198 /* CalculatorSwiftUIApp */,
			);
			name = CalculatorSwiftUIApp;
			packageProductDependencies = (
			);
			productName = CalculatorSwiftUIApp;
			productReference = FAC02D042E12859D00CBA198 /* CalculatorSwiftUIApp.app */;
			productType = "com.apple.product-type.application";
		};
		FAC02D132E12859F00CBA198 /* CalculatorSwiftUIAppTests */ = {
			isa = PBXNativeTarget;
			buildConfigurationList = FAC02D2B2E12859F00CBA198 /* Build configuration list for PBXNativeTarget "CalculatorSwiftUIAppTests" */;
			buildPhases = (
				FAC02D102E12859F00CBA198 /* Sources */,
				FAC02D112E12859F00CBA198 /* Frameworks */,
				FAC02D122E12859F00CBA198 /* Resources */,
			);
			buildRules = (
			);
			dependencies = (
				FAC02D162E12859F00CBA198 /* PBXTargetDependency */,
			);
			fileSystemSynchronizedGroups = (
				FAC02D172E12859F00CBA198 /* CalculatorSwiftUIAppTests */,
			);
			name = CalculatorSwiftUIAppTests;
			packageProductDependencies = (
			);
			productName = CalculatorSwiftUIAppTests;
			productReference = FAC02D142E12859F00CBA198 /* CalculatorSwiftUIAppTests.xctest */;
			productType = "com.apple.product-type.bundle.unit-test";
		};
		FAC02D1D2E12859F00CBA198 /* CalculatorSwiftUIAppUITests */ = {
			isa = PBXNativeTarget;
			buildConfigurationList = FAC02D2E2E1285A000CBA198 /* Build configuration list for PBXNativeTarget "CalculatorSwiftUIAppUITests" */;
			buildPhases = (
				FAC02D1A2E12859F00CBA198 /* Sources */,
				FAC02D1B2E12859F00CBA198 /* Frameworks */,
				FAC02D1C2E12859F00CBA198 /* Resources */,
			);
			buildRules = (
			);
			dependencies = (
				FAC02D202E12859F00CBA198 /* PBXTargetDependency */,
			);
			fileSystemSynchronizedGroups = (
				FAC02D212E12859F00CBA198 /* CalculatorSwiftUIAppUITests */,
			);
			name = CalculatorSwiftUIAppUITests;
			packageProductDependencies = (
			);
			productName = CalculatorSwiftUIAppUITests;
			productReference = FAC02D1E2E12859F00CBA198 /* CalculatorSwiftUIAppUITests.xctest */;
			productType = "com.apple.product-type.bundle.ui-testing";
		};
/* End PBXNativeTarget section */

/* Begin PBXProject section */
		FAC02CFC2E12859D00CBA198 /* Project object */ = {
			isa = PBXProject;
			attributes = {
				BuildIndependentTargetsInParallel = 1;
				LastSwiftUpdateCheck = 1620;
				LastUpgradeCheck = 1620;
				TargetAttributes = {
					FAC02D032E12859D00CBA198 = {
						CreatedOnToolsVersion = 16.2;
					};
					FAC02D132E12859F00CBA198 = {
						CreatedOnToolsVersion = 16.2;
						TestTargetID = FAC02D032E12859D00CBA198;
					};
					FAC02D1D2E12859F00CBA198 = {
						CreatedOnToolsVersion = 16.2;
						TestTargetID = FAC02D032E12859D00CBA198;
					};
				};
			};
			buildConfigurationList = FAC02CFF2E12859D00CBA198 /* Build configuration list for PBXProject "CalculatorSwiftUIApp" */;
			developmentRegion = en;
			hasScannedForEncodings = 0;
			knownRegions = (
				en,
				Base,
			);
			mainGroup = FAC02CFB2E12859D00CBA198;
			minimizedProjectReferenceProxies = 1;
			preferredProjectObjectVersion = 77;
			productRefGroup = FAC02D052E12859D00CBA198 /* Products */;
			projectDirPath = "";
			projectRoot = "";
			targets = (
				FAC02D032E12859D00CBA198 /* CalculatorSwiftUIApp */,
				FAC02D132E12859F00CBA198 /* CalculatorSwiftUIAppTests */,
				FAC02D1D2E12859F00CBA198 /* CalculatorSwiftUIAppUITests */,
			);
		};
/* End PBXProject section */

/* Begin PBXResourcesBuildPhase section */
		FAC02D022E12859D00CBA198 /* Resources */ = {
			isa = PBXResourcesBuildPhase;
			buildActionMask = 2147483647;
			files = (
			);
			runOnlyForDeploymentPostprocessing = 0;
		};
		FAC02D122E12859F00CBA198 /* Resources */ = {
			isa = PBXResourcesBuildPhase;
			buildActionMask = 2147483647;
			files = (
			);
			runOnlyForDeploymentPostprocessing = 0;
		};
		FAC02D1C2E12859F00CBA198 /* Resources */ = {
			isa = PBXResourcesBuildPhase;
			buildActionMask = 2147483647;
			files = (
			);
			runOnlyForDeploymentPostprocessing = 0;
		};
/* End PBXResourcesBuildPhase section */

/* Begin PBXSourcesBuildPhase section */
		FAC02D002E12859D00CBA198 /* Sources */ = {
			isa = PBXSourcesBuildPhase;
			buildActionMask = 2147483647;
			files = (
			);
			runOnlyForDeploymentPostprocessing = 0;
		};
		FAC02D102E12859F00CBA198 /* Sources */ = {
			isa = PBXSourcesBuildPhase;
			buildActionMask = 2147483647;
			files = (
			);
			runOnlyForDeploymentPostprocessing = 0;
		};
		FAC02D1A2E12859F00CBA198 /* Sources */ = {
			isa = PBXSourcesBuildPhase;
			buildActionMask = 2147483647;
			files = (
			);
			runOnlyForDeploymentPostprocessing = 0;
		};
/* End PBXSourcesBuildPhase section */

/* Begin PBXTargetDependency section */
		FAC02D162E12859F00CBA198 /* PBXTargetDependency */ = {
			isa = PBXTargetDependency;
			target = FAC02D032E12859D00CBA198 /* CalculatorSwiftUIApp */;
			targetProxy = FAC02D152E12859F00CBA198 /* PBXContainerItemProxy */;
		};
		FAC02D202E12859F00CBA198 /* PBXTargetDependency */ = {
			isa = PBXTargetDependency;
			target = FAC02D032E12859D00CBA198 /* CalculatorSwiftUIApp */;
			targetProxy = FAC02D1F2E12859F00CBA198 /* PBXContainerItemProxy */;
		};
/* End PBXTargetDependency section */

/* Begin XCBuildConfiguration section */
		FAC02D262E12859F00CBA198 /* Debug */ = {
			isa = XCBuildConfiguration;
			buildSettings = {
				ALWAYS_SEARCH_USER_PATHS = NO;
				ASSETCATALOG_COMPILER_GENERATE_SWIFT_ASSET_SYMBOL_EXTENSIONS = YES;
				CLANG_ANALYZER_NONNULL = YES;
				CLANG_ANALYZER_NUMBER_OBJECT_CONVERSION = YES_AGGRESSIVE;
				CLANG_CXX_LANGUAGE_STANDARD = "gnu++20";
				CLANG_ENABLE_MODULES = YES;
				CLANG_ENABLE_OBJC_ARC = YES;
				CLANG_ENABLE_OBJC_WEAK = YES;
				CLANG_WARN_BLOCK_CAPTURE_AUTORELEASING = YES;
				CLANG_WARN_BOOL_CONVERSION = YES;
				CLANG_WARN_COMMA = YES;
				CLANG_WARN_CONSTANT_CONVERSION = YES;
				CLANG_WARN_DEPRECATED_OBJC_IMPLEMENTATIONS = YES;
				CLANG_WARN_DIRECT_OBJC_ISA_USAGE = YES_ERROR;
				CLANG_WARN_DOCUMENTATION_COMMENTS = YES;
				CLANG_WARN_EMPTY_BODY = YES;
				CLANG_WARN_ENUM_CONVERSION = YES;
				CLANG_WARN_INFINITE_RECURSION = YES;
				CLANG_WARN_INT_CONVERSION = YES;
				CLANG_WARN_NON_LITERAL_NULL_CONVERSION = YES;
				CLANG_WARN_OBJC_IMPLICIT_RETAIN_SELF = YES;
				CLANG_WARN_OBJC_LITERAL_CONVERSION = YES;
				CLANG_WARN_OBJC_ROOT_CLASS = YES_ERROR;
				CLANG_WARN_QUOTED_INCLUDE_IN_FRAMEWORK_HEADER = YES;
				CLANG_WARN_RANGE_LOOP_ANALYSIS = YES;
				CLANG_WARN_STRICT_PROTOTYPES = YES;
				CLANG_WARN_SUSPICIOUS_MOVE = YES;
				CLANG_WARN_UNGUARDED_AVAILABILITY = YES_AGGRESSIVE;
				CLANG_WARN_UNREACHABLE_CODE = YES;
				CLANG_WARN__DUPLICATE_METHOD_MATCH = YES;
				COPY_PHASE_STRIP = NO;
				DEBUG_INFORMATION_FORMAT = dwarf;
				ENABLE_STRICT_OBJC_MSGSEND = YES;
				ENABLE_TESTABILITY = YES;
				ENABLE_USER_SCRIPT_SANDBOXING = YES;
				GCC_C_LANGUAGE_STANDARD = gnu17;
				GCC_DYNAMIC_NO_PIC = NO;
				GCC_NO_COMMON_BLOCKS = YES;
				GCC_OPTIMIZATION_LEVEL = 0;
				GCC_PREPROCESSOR_DEFINITIONS = (
					"DEBUG=1",
					"$(inherited)",
				);
				GCC_WARN_64_TO_32_BIT_CONVERSION = YES;
				GCC_WARN_ABOUT_RETURN_TYPE = YES_ERROR;
				GCC_WARN_UNDECLARED_SELECTOR = YES;
				GCC_WARN_UNINITIALIZED_AUTOS = YES_AGGRESSIVE;
				GCC_WARN_UNUSED_FUNCTION = YES;
				GCC_WARN_UNUSED_VARIABLE = YES;
				IPHONEOS_DEPLOYMENT_TARGET = 18.2;
				LOCALIZATION_PREFERS_STRING_CATALOGS = YES;
				MTL_ENABLE_DEBUG_INFO = INCLUDE_SOURCE;
				MTL_FAST_MATH = YES;
				ONLY_ACTIVE_ARCH = YES;
				SDKROOT = iphoneos;
				SWIFT_ACTIVE_COMPILATION_CONDITIONS = "DEBUG $(inherited)";
				SWIFT_OPTIMIZATION_LEVEL = "-Onone";
			};
			name = Debug;
		};
		FAC02D272E12859F00CBA198 /* Release */ = {
			isa = XCBuildConfiguration;
			buildSettings = {
				ALWAYS_SEARCH_USER_PATHS = NO;
				ASSETCATALOG_COMPILER_GENERATE_SWIFT_ASSET_SYMBOL_EXTENSIONS = YES;
				CLANG_ANALYZER_NONNULL = YES;
				CLANG_ANALYZER_NUMBER_OBJECT_CONVERSION = YES_AGGRESSIVE;
				CLANG_CXX_LANGUAGE_STANDARD = "gnu++20";
				CLANG_ENABLE_MODULES = YES;
				CLANG_ENABLE_OBJC_ARC = YES;
				CLANG_ENABLE_OBJC_WEAK = YES;
				CLANG_WARN_BLOCK_CAPTURE_AUTORELEASING = YES;
				CLANG_WARN_BOOL_CONVERSION = YES;
				CLANG_WARN_COMMA = YES;
				CLANG_WARN_CONSTANT_CONVERSION = YES;
				CLANG_WARN_DEPRECATED_OBJC_IMPLEMENTATIONS = YES;
				CLANG_WARN_DIRECT_OBJC_ISA_USAGE = YES_ERROR;
				CLANG_WARN_DOCUMENTATION_COMMENTS = YES;
				CLANG_WARN_EMPTY_BODY = YES;
				CLANG_WARN_ENUM_CONVERSION = YES;
				CLANG_WARN_INFINITE_RECURSION = YES;
				CLANG_WARN_INT_CONVERSION = YES;
				CLANG_WARN_NON_LITERAL_NULL_CONVERSION = YES;
				CLANG_WARN_OBJC_IMPLICIT_RETAIN_SELF = YES;
				CLANG_WARN_OBJC_LITERAL_CONVERSION = YES;
				CLANG_WARN_OBJC_ROOT_CLASS = YES_ERROR;
				CLANG_WARN_QUOTED_INCLUDE_IN_FRAMEWORK_HEADER = YES;
				CLANG_WARN_RANGE_LOOP_ANALYSIS = YES;
				CLANG_WARN_STRICT_PROTOTYPES = YES;
				CLANG_WARN_SUSPICIOUS_MOVE = YES;
				CLANG_WARN_UNGUARDED_AVAILABILITY = YES_AGGRESSIVE;
				CLANG_WARN_UNREACHABLE_CODE = YES;
				CLANG_WARN__DUPLICATE_METHOD_MATCH = YES;
				COPY_PHASE_STRIP = NO;
				DEBUG_INFORMATION_FORMAT = "dwarf-with-dsym";
				ENABLE_NS_ASSERTIONS = NO;
				ENABLE_STRICT_OBJC_MSGSEND = YES;
				ENABLE_USER_SCRIPT_SANDBOXING = YES;
				GCC_C_LANGUAGE_STANDARD = gnu17;
				GCC_NO_COMMON_BLOCKS = YES;
				GCC_WARN_64_TO_32_BIT_CONVERSION = YES;
				GCC_WARN_ABOUT_RETURN_TYPE = YES_ERROR;
				GCC_WARN_UNDECLARED_SELECTOR = YES;
				GCC_WARN_UNINITIALIZED_AUTOS = YES_AGGRESSIVE;
				GCC_WARN_UNUSED_FUNCTION = YES;
				GCC_WARN_UNUSED_VARIABLE = YES;
				IPHONEOS_DEPLOYMENT_TARGET = 18.2;
				LOCALIZATION_PREFERS_STRING_CATALOGS = YES;
				MTL_ENABLE_DEBUG_INFO = NO;
				MTL_FAST_MATH = YES;
				SDKROOT = iphoneos;
				SWIFT_COMPILATION_MODE = wholemodule;
				VALIDATE_PRODUCT = YES;
			};
			name = Release;
		};
		FAC02D292E12859F00CBA198 /* Debug */ = {
			isa = XCBuildConfiguration;
			buildSettings = {
				ASSETCATALOG_COMPILER_APPICON_NAME = AppIcon;
				ASSETCATALOG_COMPILER_GLOBAL_ACCENT_COLOR_NAME = AccentColor;
				CODE_SIGN_STYLE = Automatic;
				CURRENT_PROJECT_VERSION = 1;
				DEVELOPMENT_ASSET_PATHS = "\"CalculatorSwiftUIApp/Preview Content\"";
				DEVELOPMENT_TEAM = 97UWAWGCZD;
				ENABLE_PREVIEWS = YES;
				GENERATE_INFOPLIST_FILE = YES;
				INFOPLIST_KEY_UIApplicationSceneManifest_Generation = YES;
				INFOPLIST_KEY_UIApplicationSupportsIndirectInputEvents = YES;
				INFOPLIST_KEY_UILaunchScreen_Generation = YES;
				INFOPLIST_KEY_UISupportedInterfaceOrientations_iPad = "UIInterfaceOrientationPortrait UIInterfaceOrientationPortraitUpsideDown UIInterfaceOrientationLandscapeLeft UIInterfaceOrientationLandscapeRight";
				INFOPLIST_KEY_UISupportedInterfaceOrientations_iPhone = "UIInterfaceOrientationPortrait UIInterfaceOrientationLandscapeLeft UIInterfaceOrientationLandscapeRight";
				LD_RUNPATH_SEARCH_PATHS = (
					"$(inherited)",
					"@executable_path/Frameworks",
				);
				MARKETING_VERSION = 1.0;
				PRODUCT_BUNDLE_IDENTIFIER = com.example.CalculatorSwiftUIApp;
				PRODUCT_NAME = "$(TARGET_NAME)";
				SWIFT_EMIT_LOC_STRINGS = YES;
				SWIFT_VERSION = 5.0;
				TARGETED_DEVICE_FAMILY = "1,2";
			};
			name = Debug;
		};
		FAC02D2A2E12859F00CBA198 /* Release */ = {
			isa = XCBuildConfiguration;
			buildSettings = {
				ASSETCATALOG_COMPILER_APPICON_NAME = AppIcon;
				ASSETCATALOG_COMPILER_GLOBAL_ACCENT_COLOR_NAME = AccentColor;
				CODE_SIGN_STYLE = Automatic;
				CURRENT_PROJECT_VERSION = 1;
				DEVELOPMENT_ASSET_PATHS = "\"CalculatorSwiftUIApp/Preview Content\"";
				DEVELOPMENT_TEAM = 97UWAWGCZD;
				ENABLE_PREVIEWS = YES;
				GENERATE_INFOPLIST_FILE = YES;
				INFOPLIST_KEY_UIApplicationSceneManifest_Generation = YES;
				INFOPLIST_KEY_UIApplicationSupportsIndirectInputEvents = YES;
				INFOPLIST_KEY_UILaunchScreen_Generation = YES;
				INFOPLIST_KEY_UISupportedInterfaceOrientations_iPad = "UIInterfaceOrientationPortrait UIInterfaceOrientationPortraitUpsideDown UIInterfaceOrientationLandscapeLeft UIInterfaceOrientationLandscapeRight";
				INFOPLIST_KEY_UISupportedInterfaceOrientations_iPhone = "UIInterfaceOrientationPortrait UIInterfaceOrientationLandscapeLeft UIInterfaceOrientationLandscapeRight";
				LD_RUNPATH_SEARCH_PATHS = (
					"$(inherited)",
					"@executable_path/Frameworks",
				);
				MARKETING_VERSION = 1.0;
				PRODUCT_BUNDLE_IDENTIFIER = com.example.CalculatorSwiftUIApp;
				PRODUCT_NAME = "$(TARGET_NAME)";
				SWIFT_EMIT_LOC_STRINGS = YES;
				SWIFT_VERSION = 5.0;
				TARGETED_DEVICE_FAMILY = "1,2";
			};
			name = Release;
		};
		FAC02D2C2E12859F00CBA198 /* Debug */ = {
			isa = XCBuildConfiguration;
			buildSettings = {
				BUNDLE_LOADER = "$(TEST_HOST)";
				CODE_SIGN_STYLE = Automatic;
				CURRENT_PROJECT_VERSION = 1;
				DEVELOPMENT_TEAM = 97UWAWGCZD;
				GENERATE_INFOPLIST_FILE = YES;
				IPHONEOS_DEPLOYMENT_TARGET = 18.2;
				MARKETING_VERSION = 1.0;
				PRODUCT_BUNDLE_IDENTIFIER = com.example.CalculatorSwiftUIAppTests;
				PRODUCT_NAME = "$(TARGET_NAME)";
				SWIFT_EMIT_LOC_STRINGS = NO;
				SWIFT_VERSION = 5.0;
				TARGETED_DEVICE_FAMILY = "1,2";
				TEST_HOST = "$(BUILT_PRODUCTS_DIR)/CalculatorSwiftUIApp.app/$(BUNDLE_EXECUTABLE_FOLDER_PATH)/CalculatorSwiftUIApp";
			};
			name = Debug;
		};
		FAC02D2D2E12859F00CBA198 /* Release */ = {
			isa = XCBuildConfiguration;
			buildSettings = {
				BUNDLE_LOADER = "$(TEST_HOST)";
				CODE_SIGN_STYLE = Automatic;
				CURRENT_PROJECT_VERSION = 1;
				DEVELOPMENT_TEAM = 97UWAWGCZD;
				GENERATE_INFOPLIST_FILE = YES;
				IPHONEOS_DEPLOYMENT_TARGET = 18.2;
				MARKETING_VERSION = 1.0;
				PRODUCT_BUNDLE_IDENTIFIER = com.example.CalculatorSwiftUIAppTests;
				PRODUCT_NAME = "$(TARGET_NAME)";
				SWIFT_EMIT_LOC_STRINGS = NO;
				SWIFT_VERSION = 5.0;
				TARGETED_DEVICE_FAMILY = "1,2";
				TEST_HOST = "$(BUILT_PRODUCTS_DIR)/CalculatorSwiftUIApp.app/$(BUNDLE_EXECUTABLE_FOLDER_PATH)/CalculatorSwiftUIApp";
			};
			name = Release;
		};
		FAC02D2F2E1285A000CBA198 /* Debug */ = {
			isa = XCBuildConfiguration;
			buildSettings = {
				CODE_SIGN_STYLE = Automatic;
				CURRENT_PROJECT_VERSION = 1;
				DEVELOPMENT_TEAM = 97UWAWGCZD;
				GENERATE_INFOPLIST_FILE = YES;
				MARKETING_VERSION = 1.0;
				PRODUCT_BUNDLE_IDENTIFIER = com.example.CalculatorSwiftUIAppUITests;
				PRODUCT_NAME = "$(TARGET_NAME)";
				SWIFT_EMIT_LOC_STRINGS = NO;
				SWIFT_VERSION = 5.0;
				TARGETED_DEVICE_FAMILY = "1,2";
				TEST_TARGET_NAME = CalculatorSwiftUIApp;
			};
			name = Debug;
		};
		FAC02D302E1285A000CBA198 /* Release */ = {
			isa = XCBuildConfiguration;
			buildSettings = {
				CODE_SIGN_STYLE = Automatic;
				CURRENT_PROJECT_VERSION = 1;
				DEVELOPMENT_TEAM = 97UWAWGCZD;
				GENERATE_INFOPLIST_FILE = YES;
				MARKETING_VERSION = 1.0;
				PRODUCT_BUNDLE_IDENTIFIER = com.example.CalculatorSwiftUIAppUITests;
				PRODUCT_NAME = "$(TARGET_NAME)";
				SWIFT_EMIT_LOC_STRINGS = NO;
				SWIFT_VERSION = 5.0;
				TARGETED_DEVICE_FAMILY = "1,2";
				TEST_TARGET_NAME = CalculatorSwiftUIApp;
			};
			name = Release;
		};
/* End XCBuildConfiguration section */

/* Begin XCConfigurationList section */
		FAC02CFF2E12859D00CBA198 /* Build configuration list for PBXProject "CalculatorSwiftUIApp" */ = {
			isa = XCConfigurationList;
			buildConfigurations = (
				FAC02D262E12859F00CBA198 /* Debug */,
				FAC02D272E12859F00CBA198 /* Release */,
			);
			defaultConfigurationIsVisible = 0;
			defaultConfigurationName = Release;
		};
		FAC02D282E12859F00CBA198 /* Build configuration list for PBXNativeTarget "CalculatorSwiftUIApp" */ = {
			isa = XCConfigurationList;
			buildConfigurations = (
				FAC02D292E12859F00CBA198 /* Debug */,
				FAC02D2A2E12859F00CBA198 /* Release */,
			);
			defaultConfigurationIsVisible = 0;
			defaultConfigurationName = Release;
		};
		FAC02D2B2E12859F00CBA198 /* Build configuration list for PBXNativeTarget "CalculatorSwiftUIAppTests" */ = {
			isa = XCConfigurationList;
			buildConfigurations = (
				FAC02D2C2E12859F00CBA198 /* Debug */,
				FAC02D2D2E12859F00CBA198 /* Release */,
			);
			defaultConfigurationIsVisible = 0;
			defaultConfigurationName = Release;
		};
		FAC02D2E2E1285A000CBA198 /* Build configuration list for PBXNativeTarget "CalculatorSwiftUIAppUITests" */ = {
			isa = XCConfigurationList;
			buildConfigurations = (
				FAC02D2F2E1285A000CBA198 /* Debug */,
				FAC02D302E1285A000CBA198 /* Release */,
			);
			defaultConfigurationIsVisible = 0;
			defaultConfigurationName = Release;
		};
/* End XCConfigurationList section */
	};
	rootObject = FAC02CFC2E12859D00CBA198 /* Project object */;
}
